
Microsoft Visual Studio Solution File, Format Version 12.00
# Visual Studio Version 17
VisualStudioVersion = 17.0.31903.59
MinimumVisualStudioVersion = 10.0.40219.1
Project("{9A19103F-16F7-4668-BE54-9A1E7A4F7556}") = "Dahomey.Json.Attributes", "Dahomey.Json.Attributes\Dahomey.Json.Attributes.csproj", "{054681DB-CE4C-4B65-88B1-0592B0DCFB75}"
EndProject
Global
	GlobalSection(SolutionConfigurationPlatforms) = preSolution
		Debug|Any CPU = Debug|Any CPU
		Release|Any CPU = Release|Any CPU
	EndGlobalSection
	GlobalSection(ProjectConfigurationPlatforms) = postSolution
		{054681DB-CE4C-4B65-88B1-0592B0DCFB75}.Debug|Any CPU.ActiveCfg = Debug|Any CPU
		{054681DB-CE4C-4B65-88B1-0592B0DCFB75}.Debug|Any CPU.Build.0 = Debug|Any CPU
		{054681DB-CE4C-4B65-88B1-0592B0DCFB75}.Release|Any CPU.ActiveCfg = Release|Any CPU
		{054681DB-CE4C-4B65-88B1-0592B0DCFB75}.Release|Any CPU.Build.0 = Release|Any CPU
	EndGlobalSection
	GlobalSection(SolutionProperties) = preSolution
		HideSolutionNode = FALSE
	EndGlobalSection
	GlobalSection(ExtensibilityGlobals) = postSolution
		SolutionGuid = {7DA7D457-2F15-4901-962B-D33B9DAB33E7}
	EndGlobalSection
EndGlobal
